
Microsoft Visual Studio Solution File, Format Version 12.00
# Visual Studio Version 17
VisualStudioVersion = 17.6.33829.357
MinimumVisualStudioVersion = 10.0.40219.1
Project("{9A19103F-16F7-4668-BE54-9A1E7A4F7556}") = "vazifaamaliy1", "vazifaamaliy1\vazifaamaliy1.csproj", "{1CD31541-F058-4486-BF24-051A0833CFD1}"
EndProject
Project("{FAE04EC0-301F-11D3-BF4B-00C04F79EFBC}") = "bollvazifa", "bollvazifa\bollvazifa.csproj", "{CA3FF895-5A35-4D57-847F-FD0B0083C6DC}"
EndProject
Global
	GlobalSection(SolutionConfigurationPlatforms) = preSolution
		Debug|Any CPU = Debug|Any CPU
		Release|Any CPU = Release|Any CPU
	EndGlobalSection
	GlobalSection(ProjectConfigurationPlatforms) = postSolution
		{1CD31541-F058-4486-BF24-051A0833CFD1}.Debug|Any CPU.ActiveCfg = Debug|Any CPU
		{1CD31541-F058-4486-BF24-051A0833CFD1}.Debug|Any CPU.Build.0 = Debug|Any CPU
		{1CD31541-F058-4486-BF24-051A0833CFD1}.Release|Any CPU.ActiveCfg = Release|Any CPU
		{1CD31541-F058-4486-BF24-051A0833CFD1}.Release|Any CPU.Build.0 = Release|Any CPU
		{CA3FF895-5A35-4D57-847F-FD0B0083C6DC}.Debug|Any CPU.ActiveCfg = Debug|Any CPU
		{CA3FF895-5A35-4D57-847F-FD0B0083C6DC}.Debug|Any CPU.Build.0 = Debug|Any CPU
		{CA3FF895-5A35-4D57-847F-FD0B0083C6DC}.Release|Any CPU.ActiveCfg = Release|Any CPU
		{CA3FF895-5A35-4D57-847F-FD0B0083C6DC}.Release|Any CPU.Build.0 = Release|Any CPU
	EndGlobalSection
	GlobalSection(SolutionProperties) = preSolution
		HideSolutionNode = FALSE
	EndGlobalSection
	GlobalSection(ExtensibilityGlobals) = postSolution
		SolutionGuid = {D25C5ED7-7FA8-49EB-9436-86FEBD746309}
	EndGlobalSection
EndGlobal
